
Microsoft Visual Studio Solution File, Format Version 12.00
# Visual Studio Version 17
VisualStudioVersion = 17.6.33829.357
MinimumVisualStudioVersion = 10.0.40219.1
Project("{9A19103F-16F7-4668-BE54-9A1E7A4F7556}") = "ReactForm", "ReactForm\ReactForm.csproj", "{E0583B62-2383-485C-8573-5A4514864513}"
EndProject
Project("{FAE04EC0-301F-11D3-BF4B-00C04F79EFBC}") = "Core", "Core\Core.csproj", "{8A18CB0D-D955-40B7-8143-BB2590ECDA12}"
EndProject
Project("{FAE04EC0-301F-11D3-BF4B-00C04F79EFBC}") = "MyDataBase", "DataBase\MyDataBase.csproj", "{3B984CF5-F41F-4DD7-971D-D2D97D2C6209}"
EndProject
Global
	GlobalSection(SolutionConfigurationPlatforms) = preSolution
		Debug|Any CPU = Debug|Any CPU
		Release|Any CPU = Release|Any CPU
	EndGlobalSection
	GlobalSection(ProjectConfigurationPlatforms) = postSolution
		{E0583B62-2383-485C-8573-5A4514864513}.Debug|Any CPU.ActiveCfg = Debug|Any CPU
		{E0583B62-2383-485C-8573-5A4514864513}.Debug|Any CPU.Build.0 = Debug|Any CPU
		{E0583B62-2383-485C-8573-5A4514864513}.Release|Any CPU.ActiveCfg = Release|Any CPU
		{E0583B62-2383-485C-8573-5A4514864513}.Release|Any CPU.Build.0 = Release|Any CPU
		{8A18CB0D-D955-40B7-8143-BB2590ECDA12}.Debug|Any CPU.ActiveCfg = Debug|Any CPU
		{8A18CB0D-D955-40B7-8143-BB2590ECDA12}.Debug|Any CPU.Build.0 = Debug|Any CPU
		{8A18CB0D-D955-40B7-8143-BB2590ECDA12}.Release|Any CPU.ActiveCfg = Release|Any CPU
		{8A18CB0D-D955-40B7-8143-BB2590ECDA12}.Release|Any CPU.Build.0 = Release|Any CPU
		{3B984CF5-F41F-4DD7-971D-D2D97D2C6209}.Debug|Any CPU.ActiveCfg = Debug|Any CPU
		{3B984CF5-F41F-4DD7-971D-D2D97D2C6209}.Debug|Any CPU.Build.0 = Debug|Any CPU
		{3B984CF5-F41F-4DD7-971D-D2D97D2C6209}.Release|Any CPU.ActiveCfg = Release|Any CPU
		{3B984CF5-F41F-4DD7-971D-D2D97D2C6209}.Release|Any CPU.Build.0 = Release|Any CPU
	EndGlobalSection
	GlobalSection(SolutionProperties) = preSolution
		HideSolutionNode = FALSE
	EndGlobalSection
	GlobalSection(ExtensibilityGlobals) = postSolution
		SolutionGuid = {F0875E80-3C08-41D2-A70D-63A95C932B36}
	EndGlobalSection
EndGlobal
